
Microsoft Visual Studio Solution File, Format Version 12.00
# Visual Studio 14
VisualStudioVersion = 14.0.25123.0
MinimumVisualStudioVersion = 10.0.40219.1
Project("{FAE04EC0-301F-11D3-BF4B-00C04F79EFBC}") = "NumMethods1", "NumMethods1\NumMethods1.csproj", "{6E52E4F7-9FD0-4940-957A-C8B9E3D2DBA2}"
EndProject
Project("{FAE04EC0-301F-11D3-BF4B-00C04F79EFBC}") = "NumMethods2", "NumMethods2\NumMethods2.csproj", "{AEDED4A8-9046-4AAF-99AE-1E28395214D2}"
EndProject
Project("{FAE04EC0-301F-11D3-BF4B-00C04F79EFBC}") = "NumMethods3", "NumMethods3\NumMethods3.csproj", "{CC8A867B-7D0A-4384-992A-5B8C81CC1E52}"
EndProject
Project("{FAE04EC0-301F-11D3-BF4B-00C04F79EFBC}") = "NumMethods4", "NumMethods4\NumMethods4.csproj", "{D3B95909-2AA1-497E-8DBF-B5D49580941D}"
EndProject
Project("{FAE04EC0-301F-11D3-BF4B-00C04F79EFBC}") = "NumMethods4Lib", "NumMethods4Lib\NumMethods4Lib.csproj", "{D4705A3F-6FCE-4342-8224-4E35C9315CFD}"
EndProject
Global
	GlobalSection(SolutionConfigurationPlatforms) = preSolution
		Debug|Any CPU = Debug|Any CPU
		Release|Any CPU = Release|Any CPU
	EndGlobalSection
	GlobalSection(ProjectConfigurationPlatforms) = postSolution
		{6E52E4F7-9FD0-4940-957A-C8B9E3D2DBA2}.Debug|Any CPU.ActiveCfg = Debug|Any CPU
		{6E52E4F7-9FD0-4940-957A-C8B9E3D2DBA2}.Debug|Any CPU.Build.0 = Debug|Any CPU
		{6E52E4F7-9FD0-4940-957A-C8B9E3D2DBA2}.Release|Any CPU.ActiveCfg = Release|Any CPU
		{6E52E4F7-9FD0-4940-957A-C8B9E3D2DBA2}.Release|Any CPU.Build.0 = Release|Any CPU
		{AEDED4A8-9046-4AAF-99AE-1E28395214D2}.Debug|Any CPU.ActiveCfg = Debug|Any CPU
		{AEDED4A8-9046-4AAF-99AE-1E28395214D2}.Debug|Any CPU.Build.0 = Debug|Any CPU
		{AEDED4A8-9046-4AAF-99AE-1E28395214D2}.Release|Any CPU.ActiveCfg = Release|Any CPU
		{AEDED4A8-9046-4AAF-99AE-1E28395214D2}.Release|Any CPU.Build.0 = Release|Any CPU
		{CC8A867B-7D0A-4384-992A-5B8C81CC1E52}.Debug|Any CPU.ActiveCfg = Debug|Any CPU
		{CC8A867B-7D0A-4384-992A-5B8C81CC1E52}.Debug|Any CPU.Build.0 = Debug|Any CPU
		{CC8A867B-7D0A-4384-992A-5B8C81CC1E52}.Release|Any CPU.ActiveCfg = Release|Any CPU
		{CC8A867B-7D0A-4384-992A-5B8C81CC1E52}.Release|Any CPU.Build.0 = Release|Any CPU
		{D3B95909-2AA1-497E-8DBF-B5D49580941D}.Debug|Any CPU.ActiveCfg = Debug|Any CPU
		{D3B95909-2AA1-497E-8DBF-B5D49580941D}.Debug|Any CPU.Build.0 = Debug|Any CPU
		{D3B95909-2AA1-497E-8DBF-B5D49580941D}.Release|Any CPU.ActiveCfg = Release|Any CPU
		{D3B95909-2AA1-497E-8DBF-B5D49580941D}.Release|Any CPU.Build.0 = Release|Any CPU
		{D4705A3F-6FCE-4342-8224-4E35C9315CFD}.Debug|Any CPU.ActiveCfg = Debug|Any CPU
		{D4705A3F-6FCE-4342-8224-4E35C9315CFD}.Debug|Any CPU.Build.0 = Debug|Any CPU
		{D4705A3F-6FCE-4342-8224-4E35C9315CFD}.Release|Any CPU.ActiveCfg = Release|Any CPU
		{D4705A3F-6FCE-4342-8224-4E35C9315CFD}.Release|Any CPU.Build.0 = Release|Any CPU
	EndGlobalSection
	GlobalSection(SolutionProperties) = preSolution
		HideSolutionNode = FALSE
	EndGlobalSection
EndGlobal
